// !$*UTF8*$!
{
	archiveVersion = 1;
	classes = {
	};
	objectVersion = 46;
	objects = {

/* Begin PBXBuildFile section */
		3FE13FEB1E54C408004F149F /* AppDelegate.swift in Sources */ = {isa = PBXBuildFile; fileRef = 3FE13FEA1E54C408004F149F /* AppDelegate.swift */; };
		3FE13FED1E54C408004F149F /* ViewController.swift in Sources */ = {isa = PBXBuildFile; fileRef = 3FE13FEC1E54C408004F149F /* ViewController.swift */; };
		3FE13FF01E54C408004F149F /* Main.storyboard in Resources */ = {isa = PBXBuildFile; fileRef = 3FE13FEE1E54C408004F149F /* Main.storyboard */; };
		3FE13FF21E54C408004F149F /* Assets.xcassets in Resources */ = {isa = PBXBuildFile; fileRef = 3FE13FF11E54C408004F149F /* Assets.xcassets */; };
		3FE13FF51E54C408004F149F /* LaunchScreen.storyboard in Resources */ = {isa = PBXBuildFile; fileRef = 3FE13FF31E54C408004F149F /* LaunchScreen.storyboard */; };
		3FE13FFD1E54C4AF004F149F /* SwiftyJSON.swift in Sources */ = {isa = PBXBuildFile; fileRef = 3FE13FFC1E54C4AF004F149F /* SwiftyJSON.swift */; };
		3FE13FFF1E54C931004F149F /* DetailViewController.swift in Sources */ = {isa = PBXBuildFile; fileRef = 3FE13FFE1E54C931004F149F /* DetailViewController.swift */; };
		3FE140021E54CAB7004F149F /* CommitsApp.xcdatamodeld in Sources */ = {isa = PBXBuildFile; fileRef = 3FE140001E54CAB7004F149F /* CommitsApp.xcdatamodeld */; };
/* End PBXBuildFile section */

/* Begin PBXFileReference section */
		3FE13FE71E54C408004F149F /* CommitsApp.app */ = {isa = PBXFileReference; explicitFileType = wrapper.application; includeInIndex = 0; path = CommitsApp.app; sourceTree = BUILT_PRODUCTS_DIR; };
		3FE13FEA1E54C408004F149F /* AppDelegate.swift */ = {isa = PBXFileReference; lastKnownFileType = sourcecode.swift; path = AppDelegate.swift; sourceTree = "<group>"; };
		3FE13FEC1E54C408004F149F /* ViewController.swift */ = {isa = PBXFileReference; lastKnownFileType = sourcecode.swift; path = ViewController.swift; sourceTree = "<group>"; };
		3FE13FEF1E54C408004F149F /* Base */ = {isa = PBXFileReference; lastKnownFileType = file.storyboard; name = Base; path = Base.lproj/Main.storyboard; sourceTree = "<group>"; };
		3FE13FF11E54C408004F149F /* Assets.xcassets */ = {isa = PBXFileReference; lastKnownFileType = folder.assetcatalog; path = Assets.xcassets; sourceTree = "<group>"; };
		3FE13FF41E54C408004F149F /* Base */ = {isa = PBXFileReference; lastKnownFileType = file.storyboard; name = Base; path = Base.lproj/LaunchScreen.storyboard; sourceTree = "<group>"; };
		3FE13FF61E54C408004F149F /* Info.plist */ = {isa = PBXFileReference; lastKnownFileType = text.plist.xml; path = Info.plist; sourceTree = "<group>"; };
		3FE13FFC1E54C4AF004F149F /* SwiftyJSON.swift */ = {isa = PBXFileReference; fileEncoding = 4; lastKnownFileType = sourcecode.swift; path = SwiftyJSON.swift; sourceTree = "<group>"; };
		3FE13FFE1E54C931004F149F /* DetailViewController.swift */ = {isa = PBXFileReference; fileEncoding = 4; lastKnownFileType = sourcecode.swift; path = DetailViewController.swift; sourceTree = "<group>"; };
		3FE140011E54CAB7004F149F /* CommitsApp.xcdatamodel */ = {isa = PBXFileReference; lastKnownFileType = wrapper.xcdatamodel; path = CommitsApp.xcdatamodel; sourceTree = "<group>"; };
/* End PBXFileReference section */

/* Begin PBXFrameworksBuildPhase section */
		3FE13FE41E54C408004F149F /* Frameworks */ = {
			isa = PBXFrameworksBuildPhase;
			buildActionMask = 2147483647;
			files = (
			);
			runOnlyForDeploymentPostprocessing = 0;
		};
/* End PBXFrameworksBuildPhase section */

/* Begin PBXGroup section */
		3FE13FDE1E54C408004F149F = {
			isa = PBXGroup;
			children = (
				3FE13FE91E54C408004F149F /* CommitsApp */,
				3FE13FE81E54C408004F149F /* Products */,
			);
			sourceTree = "<group>";
		};
		3FE13FE81E54C408004F149F /* Products */ = {
			isa = PBXGroup;
			children = (
				3FE13FE71E54C408004F149F /* CommitsApp.app */,
			);
			name = Products;
			sourceTree = "<group>";
		};
		3FE13FE91E54C408004F149F /* CommitsApp */ = {
			isa = PBXGroup;
			children = (
				3FE13FEA1E54C408004F149F /* AppDelegate.swift */,
				3FE13FFE1E54C931004F149F /* DetailViewController.swift */,
				3FE13FEC1E54C408004F149F /* ViewController.swift */,
				3FE13FFC1E54C4AF004F149F /* SwiftyJSON.swift */,
				3FE13FEE1E54C408004F149F /* Main.storyboard */,
				3FE140001E54CAB7004F149F /* CommitsApp.xcdatamodeld */,
				3FE13FF11E54C408004F149F /* Assets.xcassets */,
				3FE13FF31E54C408004F149F /* LaunchScreen.storyboard */,
				3FE13FF61E54C408004F149F /* Info.plist */,
			);
			path = CommitsApp;
			sourceTree = "<group>";
		};
/* End PBXGroup section */

/* Begin PBXNativeTarget section */
		3FE13FE61E54C408004F149F /* CommitsApp */ = {
			isa = PBXNativeTarget;
			buildConfigurationList = 3FE13FF91E54C408004F149F /* Build configuration list for PBXNativeTarget "CommitsApp" */;
			buildPhases = (
				3FE13FE31E54C408004F149F /* Sources */,
				3FE13FE41E54C408004F149F /* Frameworks */,
				3FE13FE51E54C408004F149F /* Resources */,
			);
			buildRules = (
			);
			dependencies = (
			);
			name = CommitsApp;
			productName = CommitsApp;
			productReference = 3FE13FE71E54C408004F149F /* CommitsApp.app */;
			productType = "com.apple.product-type.application";
		};
/* End PBXNativeTarget section */

/* Begin PBXProject section */
		3FE13FDF1E54C408004F149F /* Project object */ = {
			isa = PBXProject;
			attributes = {
				LastSwiftUpdateCheck = 0820;
				LastUpgradeCheck = 0820;
				ORGANIZATIONNAME = HSE;
				TargetAttributes = {
					3FE13FE61E54C408004F149F = {
						CreatedOnToolsVersion = 8.2.1;
						ProvisioningStyle = Automatic;
					};
				};
			};
			buildConfigurationList = 3FE13FE21E54C408004F149F /* Build configuration list for PBXProject "CommitsApp" */;
			compatibilityVersion = "Xcode 3.2";
			developmentRegion = English;
			hasScannedForEncodings = 0;
			knownRegions = (
				en,
				Base,
			);
			mainGroup = 3FE13FDE1E54C408004F149F;
			productRefGroup = 3FE13FE81E54C408004F149F /* Products */;
			projectDirPath = "";
			projectRoot = "";
			targets = (
				3FE13FE61E54C408004F149F /* CommitsApp */,
			);
		};
/* End PBXProject section */

/* Begin PBXResourcesBuildPhase section */
		3FE13FE51E54C408004F149F /* Resources */ = {
			isa = PBXResourcesBuildPhase;
			buildActionMask = 2147483647;
			files = (
				3FE13FF51E54C408004F149F /* LaunchScreen.storyboard in Resources */,
				3FE13FF21E54C408004F149F /* Assets.xcassets in Resources */,
				3FE13FF01E54C408004F149F /* Main.storyboard in Resources */,
			);
			runOnlyForDeploymentPostprocessing = 0;
		};
/* End PBXResourcesBuildPhase section */

/* Begin PBXSourcesBuildPhase section */
		3FE13FE31E54C408004F149F /* Sources */ = {
			isa = PBXSourcesBuildPhase;
			buildActionMask = 2147483647;
			files = (
				3FE13FFD1E54C4AF004F149F /* SwiftyJSON.swift in Sources */,
				3FE13FED1E54C408004F149F /* ViewController.swift in Sources */,
				3FE13FEB1E54C408004F149F /* AppDelegate.swift in Sources */,
				3FE13FFF1E54C931004F149F /* DetailViewController.swift in Sources */,
				3FE140021E54CAB7004F149F /* CommitsApp.xcdatamodeld in Sources */,
			);
			runOnlyForDeploymentPostprocessing = 0;
		};
/* End PBXSourcesBuildPhase section */

/* Begin PBXVariantGroup section */
		3FE13FEE1E54C408004F149F /* Main.storyboard */ = {
			isa = PBXVariantGroup;
			children = (
				3FE13FEF1E54C408004F149F /* Base */,
			);
			name = Main.storyboard;
			sourceTree = "<group>";
		};
		3FE13FF31E54C408004F149F /* LaunchScreen.storyboard */ = {
			isa = PBXVariantGroup;
			children = (
				3FE13FF41E54C408004F149F /* Base */,
			);
			name = LaunchScreen.storyboard;
			sourceTree = "<group>";
		};
/* End PBXVariantGroup section */

/* Begin XCBuildConfiguration section */
		3FE13FF71E54C408004F149F /* Debug */ = {
			isa = XCBuildConfiguration;
			buildSettings = {
				ALWAYS_SEARCH_USER_PATHS = NO;
				CLANG_ANALYZER_NONNULL = YES;
				CLANG_CXX_LANGUAGE_STANDARD = "gnu++0x";
				CLANG_CXX_LIBRARY = "libc++";
				CLANG_ENABLE_MODULES = YES;
				CLANG_ENABLE_OBJC_ARC = YES;
				CLANG_WARN_BOOL_CONVERSION = YES;
				CLANG_WARN_CONSTANT_CONVERSION = YES;
				CLANG_WARN_DIRECT_OBJC_ISA_USAGE = YES_ERROR;
				CLANG_WARN_DOCUMENTATION_COMMENTS = YES;
				CLANG_WARN_EMPTY_BODY = YES;
				CLANG_WARN_ENUM_CONVERSION = YES;
				CLANG_WARN_INFINITE_RECURSION = YES;
				CLANG_WARN_INT_CONVERSION = YES;
				CLANG_WARN_OBJC_ROOT_CLASS = YES_ERROR;
				CLANG_WARN_SUSPICIOUS_MOVE = YES;
				CLANG_WARN_UNREACHABLE_CODE = YES;
				CLANG_WARN__DUPLICATE_METHOD_MATCH = YES;
				"CODE_SIGN_IDENTITY[sdk=iphoneos*]" = "iPhone Developer";
				COPY_PHASE_STRIP = NO;
				DEBUG_INFORMATION_FORMAT = dwarf;
				ENABLE_STRICT_OBJC_MSGSEND = YES;
				ENABLE_TESTABILITY = YES;
				GCC_C_LANGUAGE_STANDARD = gnu99;
				GCC_DYNAMIC_NO_PIC = NO;
				GCC_NO_COMMON_BLOCKS = YES;
				GCC_OPTIMIZATION_LEVEL = 0;
				GCC_PREPROCESSOR_DEFINITIONS = (
					"DEBUG=1",
					"$(inherited)",
				);
				GCC_WARN_64_TO_32_BIT_CONVERSION = YES;
				GCC_WARN_ABOUT_RETURN_TYPE = YES_ERROR;
				GCC_WARN_UNDECLARED_SELECTOR = YES;
				GCC_WARN_UNINITIALIZED_AUTOS = YES_AGGRESSIVE;
				GCC_WARN_UNUSED_FUNCTION = YES;
				GCC_WARN_UNUSED_VARIABLE = YES;
				IPHONEOS_DEPLOYMENT_TARGET = 10.2;
				MTL_ENABLE_DEBUG_INFO = YES;
				ONLY_ACTIVE_ARCH = YES;
				SDKROOT = iphoneos;
				SWIFT_ACTIVE_COMPILATION_CONDITIONS = DEBUG;
				SWIFT_OPTIMIZATION_LEVEL = "-Onone";
				TARGETED_DEVICE_FAMILY = "1,2";
			};
			name = Debug;
		};
		3FE13FF81E54C408004F149F /* Release */ = {
			isa = XCBuildConfiguration;
			buildSettings = {
				ALWAYS_SEARCH_USER_PATHS = NO;
				CLANG_ANALYZER_NONNULL = YES;
				CLANG_CXX_LANGUAGE_STANDARD = "gnu++0x";
				CLANG_CXX_LIBRARY = "libc++";
				CLANG_ENABLE_MODULES = YES;
				CLANG_ENABLE_OBJC_ARC = YES;
				CLANG_WARN_BOOL_CONVERSION = YES;
				CLANG_WARN_CONSTANT_CONVERSION = YES;
				CLANG_WARN_DIRECT_OBJC_ISA_USAGE = YES_ERROR;
				CLANG_WARN_DOCUMENTATION_COMMENTS = YES;
				CLANG_WARN_EMPTY_BODY = YES;
				CLANG_WARN_ENUM_CONVERSION = YES;
				CLANG_WARN_INFINITE_RECURSION = YES;
				CLANG_WARN_INT_CONVERSION = YES;
				CLANG_WARN_OBJC_ROOT_CLASS = YES_ERROR;
				CLANG_WARN_SUSPICIOUS_MOVE = YES;
				CLANG_WARN_UNREACHABLE_CODE = YES;
				CLANG_WARN__DUPLICATE_METHOD_MATCH = YES;
				"CODE_SIGN_IDENTITY[sdk=iphoneos*]" = "iPhone Developer";
				COPY_PHASE_STRIP = NO;
				DEBUG_INFORMATION_FORMAT = "dwarf-with-dsym";
				ENABLE_NS_ASSERTIONS = NO;
				ENABLE_STRICT_OBJC_MSGSEND = YES;
				GCC_C_LANGUAGE_STANDARD = gnu99;
				GCC_NO_COMMON_BLOCKS = YES;
				GCC_WARN_64_TO_32_BIT_CONVERSION = YES;
				GCC_WARN_ABOUT_RETURN_TYPE = YES_ERROR;
				GCC_WARN_UNDECLARED_SELECTOR = YES;
				GCC_WARN_UNINITIALIZED_AUTOS = YES_AGGRESSIVE;
				GCC_WARN_UNUSED_FUNCTION = YES;
				GCC_WARN_UNUSED_VARIABLE = YES;
				IPHONEOS_DEPLOYMENT_TARGET = 10.2;
				MTL_ENABLE_DEBUG_INFO = NO;
				SDKROOT = iphoneos;
				SWIFT_OPTIMIZATION_LEVEL = "-Owholemodule";
				TARGETED_DEVICE_FAMILY = "1,2";
				VALIDATE_PRODUCT = YES;
			};
			name = Release;
		};
		3FE13FFA1E54C408004F149F /* Debug */ = {
			isa = XCBuildConfiguration;
			buildSettings = {
				ASSETCATALOG_COMPILER_APPICON_NAME = AppIcon;
				DEVELOPMENT_TEAM = "";
				INFOPLIST_FILE = CommitsApp/Info.plist;
				LD_RUNPATH_SEARCH_PATHS = "$(inherited) @executable_path/Frameworks";
				PRODUCT_BUNDLE_IDENTIFIER = com.appcodaHSE.CommitsApp;
				PRODUCT_NAME = "$(TARGET_NAME)";
				SWIFT_VERSION = 3.0;
			};
			name = Debug;
		};
		3FE13FFB1E54C408004F149F /* Release */ = {
			isa = XCBuildConfiguration;
			buildSettings = {
				ASSETCATALOG_COMPILER_APPICON_NAME = AppIcon;
				DEVELOPMENT_TEAM = "";
				INFOPLIST_FILE = CommitsApp/Info.plist;
				LD_RUNPATH_SEARCH_PATHS = "$(inherited) @executable_path/Frameworks";
				PRODUCT_BUNDLE_IDENTIFIER = com.appcodaHSE.CommitsApp;
				PRODUCT_NAME = "$(TARGET_NAME)";
				SWIFT_VERSION = 3.0;
			};
			name = Release;
		};
/* End XCBuildConfiguration section */

/* Begin XCConfigurationList section */
		3FE13FE21E54C408004F149F /* Build configuration list for PBXProject "CommitsApp" */ = {
			isa = XCConfigurationList;
			buildConfigurations = (
				3FE13FF71E54C408004F149F /* Debug */,
				3FE13FF81E54C408004F149F /* Release */,
			);
			defaultConfigurationIsVisible = 0;
			defaultConfigurationName = Release;
		};
		3FE13FF91E54C408004F149F /* Build configuration list for PBXNativeTarget "CommitsApp" */ = {
			isa = XCConfigurationList;
			buildConfigurations = (
				3FE13FFA1E54C408004F149F /* Debug */,
				3FE13FFB1E54C408004F149F /* Release */,
			);
			defaultConfigurationIsVisible = 0;
		};
/* End XCConfigurationList section */

/* Begin XCVersionGroup section */
		3FE140001E54CAB7004F149F /* CommitsApp.xcdatamodeld */ = {
			isa = XCVersionGroup;
			children = (
				3FE140011E54CAB7004F149F /* CommitsApp.xcdatamodel */,
			);
			currentVersion = 3FE140011E54CAB7004F149F /* CommitsApp.xcdatamodel */;
			path = CommitsApp.xcdatamodeld;
			sourceTree = "<group>";
			versionGroupType = wrapper.xcdatamodel;
		};
/* End XCVersionGroup section */
	};
	rootObject = 3FE13FDF1E54C408004F149F /* Project object */;
}
