// !$*UTF8*$!
{
	archiveVersion = 1;
	classes = {
	};
	objectVersion = 46;
	objects = {

/* Begin PBXBuildFile section */
		7EF7727E1E66CAF7000DB8B2 /* AppDelegate.swift in Sources */ = {isa = PBXBuildFile; fileRef = 7EF7727D1E66CAF7000DB8B2 /* AppDelegate.swift */; };
		7EF772801E66CAF7000DB8B2 /* ViewController.swift in Sources */ = {isa = PBXBuildFile; fileRef = 7EF7727F1E66CAF7000DB8B2 /* ViewController.swift */; };
		7EF772831E66CAF7000DB8B2 /* Main.storyboard in Resources */ = {isa = PBXBuildFile; fileRef = 7EF772811E66CAF7000DB8B2 /* Main.storyboard */; };
		7EF772851E66CAF7000DB8B2 /* Assets.xcassets in Resources */ = {isa = PBXBuildFile; fileRef = 7EF772841E66CAF7000DB8B2 /* Assets.xcassets */; };
		7EF772881E66CAF7000DB8B2 /* LaunchScreen.storyboard in Resources */ = {isa = PBXBuildFile; fileRef = 7EF772861E66CAF7000DB8B2 /* LaunchScreen.storyboard */; };
		7EF772901E66E819000DB8B2 /* TictactoeCell.swift in Sources */ = {isa = PBXBuildFile; fileRef = 7EF7728F1E66E819000DB8B2 /* TictactoeCell.swift */; };
/* End PBXBuildFile section */

/* Begin PBXFileReference section */
		7EF7727A1E66CAF7000DB8B2 /* TicTacToe.app */ = {isa = PBXFileReference; explicitFileType = wrapper.application; includeInIndex = 0; path = TicTacToe.app; sourceTree = BUILT_PRODUCTS_DIR; };
		7EF7727D1E66CAF7000DB8B2 /* AppDelegate.swift */ = {isa = PBXFileReference; lastKnownFileType = sourcecode.swift; path = AppDelegate.swift; sourceTree = "<group>"; };
		7EF7727F1E66CAF7000DB8B2 /* ViewController.swift */ = {isa = PBXFileReference; lastKnownFileType = sourcecode.swift; path = ViewController.swift; sourceTree = "<group>"; };
		7EF772821E66CAF7000DB8B2 /* Base */ = {isa = PBXFileReference; lastKnownFileType = file.storyboard; name = Base; path = Base.lproj/Main.storyboard; sourceTree = "<group>"; };
		7EF772841E66CAF7000DB8B2 /* Assets.xcassets */ = {isa = PBXFileReference; lastKnownFileType = folder.assetcatalog; path = Assets.xcassets; sourceTree = "<group>"; };
		7EF772871E66CAF7000DB8B2 /* Base */ = {isa = PBXFileReference; lastKnownFileType = file.storyboard; name = Base; path = Base.lproj/LaunchScreen.storyboard; sourceTree = "<group>"; };
		7EF772891E66CAF7000DB8B2 /* Info.plist */ = {isa = PBXFileReference; lastKnownFileType = text.plist.xml; path = Info.plist; sourceTree = "<group>"; };
		7EF7728F1E66E819000DB8B2 /* TictactoeCell.swift */ = {isa = PBXFileReference; fileEncoding = 4; lastKnownFileType = sourcecode.swift; path = TictactoeCell.swift; sourceTree = "<group>"; };
/* End PBXFileReference section */

/* Begin PBXFrameworksBuildPhase section */
		7EF772771E66CAF7000DB8B2 /* Frameworks */ = {
			isa = PBXFrameworksBuildPhase;
			buildActionMask = 2147483647;
			files = (
			);
			runOnlyForDeploymentPostprocessing = 0;
		};
/* End PBXFrameworksBuildPhase section */

/* Begin PBXGroup section */
		7EF772711E66CAF6000DB8B2 = {
			isa = PBXGroup;
			children = (
				7EF7727C1E66CAF7000DB8B2 /* TicTacToe */,
				7EF7727B1E66CAF7000DB8B2 /* Products */,
			);
			sourceTree = "<group>";
		};
		7EF7727B1E66CAF7000DB8B2 /* Products */ = {
			isa = PBXGroup;
			children = (
				7EF7727A1E66CAF7000DB8B2 /* TicTacToe.app */,
			);
			name = Products;
			sourceTree = "<group>";
		};
		7EF7727C1E66CAF7000DB8B2 /* TicTacToe */ = {
			isa = PBXGroup;
			children = (
				7EF7727D1E66CAF7000DB8B2 /* AppDelegate.swift */,
				7EF7727F1E66CAF7000DB8B2 /* ViewController.swift */,
				7EF7728F1E66E819000DB8B2 /* TictactoeCell.swift */,
				7EF772811E66CAF7000DB8B2 /* Main.storyboard */,
				7EF772841E66CAF7000DB8B2 /* Assets.xcassets */,
				7EF772861E66CAF7000DB8B2 /* LaunchScreen.storyboard */,
				7EF772891E66CAF7000DB8B2 /* Info.plist */,
			);
			path = TicTacToe;
			sourceTree = "<group>";
		};
/* End PBXGroup section */

/* Begin PBXNativeTarget section */
		7EF772791E66CAF7000DB8B2 /* TicTacToe */ = {
			isa = PBXNativeTarget;
			buildConfigurationList = 7EF7728C1E66CAF7000DB8B2 /* Build configuration list for PBXNativeTarget "TicTacToe" */;
			buildPhases = (
				7EF772761E66CAF7000DB8B2 /* Sources */,
				7EF772771E66CAF7000DB8B2 /* Frameworks */,
				7EF772781E66CAF7000DB8B2 /* Resources */,
			);
			buildRules = (
			);
			dependencies = (
			);
			name = TicTacToe;
			productName = TicTacToe;
			productReference = 7EF7727A1E66CAF7000DB8B2 /* TicTacToe.app */;
			productType = "com.apple.product-type.application";
		};
/* End PBXNativeTarget section */

/* Begin PBXProject section */
		7EF772721E66CAF6000DB8B2 /* Project object */ = {
			isa = PBXProject;
			attributes = {
				LastSwiftUpdateCheck = 0820;
				LastUpgradeCheck = 0820;
				ORGANIZATIONNAME = HSE;
				TargetAttributes = {
					7EF772791E66CAF7000DB8B2 = {
						CreatedOnToolsVersion = 8.2.1;
						DevelopmentTeam = 5X5GB3C292;
						ProvisioningStyle = Automatic;
					};
				};
			};
			buildConfigurationList = 7EF772751E66CAF7000DB8B2 /* Build configuration list for PBXProject "TicTacToe" */;
			compatibilityVersion = "Xcode 3.2";
			developmentRegion = English;
			hasScannedForEncodings = 0;
			knownRegions = (
				en,
				Base,
			);
			mainGroup = 7EF772711E66CAF6000DB8B2;
			productRefGroup = 7EF7727B1E66CAF7000DB8B2 /* Products */;
			projectDirPath = "";
			projectRoot = "";
			targets = (
				7EF772791E66CAF7000DB8B2 /* TicTacToe */,
			);
		};
/* End PBXProject section */

/* Begin PBXResourcesBuildPhase section */
		7EF772781E66CAF7000DB8B2 /* Resources */ = {
			isa = PBXResourcesBuildPhase;
			buildActionMask = 2147483647;
			files = (
				7EF772881E66CAF7000DB8B2 /* LaunchScreen.storyboard in Resources */,
				7EF772851E66CAF7000DB8B2 /* Assets.xcassets in Resources */,
				7EF772831E66CAF7000DB8B2 /* Main.storyboard in Resources */,
			);
			runOnlyForDeploymentPostprocessing = 0;
		};
/* End PBXResourcesBuildPhase section */

/* Begin PBXSourcesBuildPhase section */
		7EF772761E66CAF7000DB8B2 /* Sources */ = {
			isa = PBXSourcesBuildPhase;
			buildActionMask = 2147483647;
			files = (
				7EF772901E66E819000DB8B2 /* TictactoeCell.swift in Sources */,
				7EF772801E66CAF7000DB8B2 /* ViewController.swift in Sources */,
				7EF7727E1E66CAF7000DB8B2 /* AppDelegate.swift in Sources */,
			);
			runOnlyForDeploymentPostprocessing = 0;
		};
/* End PBXSourcesBuildPhase section */

/* Begin PBXVariantGroup section */
		7EF772811E66CAF7000DB8B2 /* Main.storyboard */ = {
			isa = PBXVariantGroup;
			children = (
				7EF772821E66CAF7000DB8B2 /* Base */,
			);
			name = Main.storyboard;
			sourceTree = "<group>";
		};
		7EF772861E66CAF7000DB8B2 /* LaunchScreen.storyboard */ = {
			isa = PBXVariantGroup;
			children = (
				7EF772871E66CAF7000DB8B2 /* Base */,
			);
			name = LaunchScreen.storyboard;
			sourceTree = "<group>";
		};
/* End PBXVariantGroup section */

/* Begin XCBuildConfiguration section */
		7EF7728A1E66CAF7000DB8B2 /* Debug */ = {
			isa = XCBuildConfiguration;
			buildSettings = {
				ALWAYS_SEARCH_USER_PATHS = NO;
				CLANG_ANALYZER_NONNULL = YES;
				CLANG_CXX_LANGUAGE_STANDARD = "gnu++0x";
				CLANG_CXX_LIBRARY = "libc++";
				CLANG_ENABLE_MODULES = YES;
				CLANG_ENABLE_OBJC_ARC = YES;
				CLANG_WARN_BOOL_CONVERSION = YES;
				CLANG_WARN_CONSTANT_CONVERSION = YES;
				CLANG_WARN_DIRECT_OBJC_ISA_USAGE = YES_ERROR;
				CLANG_WARN_DOCUMENTATION_COMMENTS = YES;
				CLANG_WARN_EMPTY_BODY = YES;
				CLANG_WARN_ENUM_CONVERSION = YES;
				CLANG_WARN_INFINITE_RECURSION = YES;
				CLANG_WARN_INT_CONVERSION = YES;
				CLANG_WARN_OBJC_ROOT_CLASS = YES_ERROR;
				CLANG_WARN_SUSPICIOUS_MOVE = YES;
				CLANG_WARN_UNREACHABLE_CODE = YES;
				CLANG_WARN__DUPLICATE_METHOD_MATCH = YES;
				"CODE_SIGN_IDENTITY[sdk=iphoneos*]" = "iPhone Developer";
				COPY_PHASE_STRIP = NO;
				DEBUG_INFORMATION_FORMAT = dwarf;
				ENABLE_STRICT_OBJC_MSGSEND = YES;
				ENABLE_TESTABILITY = YES;
				GCC_C_LANGUAGE_STANDARD = gnu99;
				GCC_DYNAMIC_NO_PIC = NO;
				GCC_NO_COMMON_BLOCKS = YES;
				GCC_OPTIMIZATION_LEVEL = 0;
				GCC_PREPROCESSOR_DEFINITIONS = (
					"DEBUG=1",
					"$(inherited)",
				);
				GCC_WARN_64_TO_32_BIT_CONVERSION = YES;
				GCC_WARN_ABOUT_RETURN_TYPE = YES_ERROR;
				GCC_WARN_UNDECLARED_SELECTOR = YES;
				GCC_WARN_UNINITIALIZED_AUTOS = YES_AGGRESSIVE;
				GCC_WARN_UNUSED_FUNCTION = YES;
				GCC_WARN_UNUSED_VARIABLE = YES;
				IPHONEOS_DEPLOYMENT_TARGET = 10.2;
				MTL_ENABLE_DEBUG_INFO = YES;
				ONLY_ACTIVE_ARCH = YES;
				SDKROOT = iphoneos;
				SWIFT_ACTIVE_COMPILATION_CONDITIONS = DEBUG;
				SWIFT_OPTIMIZATION_LEVEL = "-Onone";
				TARGETED_DEVICE_FAMILY = "1,2";
			};
			name = Debug;
		};
		7EF7728B1E66CAF7000DB8B2 /* Release */ = {
			isa = XCBuildConfiguration;
			buildSettings = {
				ALWAYS_SEARCH_USER_PATHS = NO;
				CLANG_ANALYZER_NONNULL = YES;
				CLANG_CXX_LANGUAGE_STANDARD = "gnu++0x";
				CLANG_CXX_LIBRARY = "libc++";
				CLANG_ENABLE_MODULES = YES;
				CLANG_ENABLE_OBJC_ARC = YES;
				CLANG_WARN_BOOL_CONVERSION = YES;
				CLANG_WARN_CONSTANT_CONVERSION = YES;
				CLANG_WARN_DIRECT_OBJC_ISA_USAGE = YES_ERROR;
				CLANG_WARN_DOCUMENTATION_COMMENTS = YES;
				CLANG_WARN_EMPTY_BODY = YES;
				CLANG_WARN_ENUM_CONVERSION = YES;
				CLANG_WARN_INFINITE_RECURSION = YES;
				CLANG_WARN_INT_CONVERSION = YES;
				CLANG_WARN_OBJC_ROOT_CLASS = YES_ERROR;
				CLANG_WARN_SUSPICIOUS_MOVE = YES;
				CLANG_WARN_UNREACHABLE_CODE = YES;
				CLANG_WARN__DUPLICATE_METHOD_MATCH = YES;
				"CODE_SIGN_IDENTITY[sdk=iphoneos*]" = "iPhone Developer";
				COPY_PHASE_STRIP = NO;
				DEBUG_INFORMATION_FORMAT = "dwarf-with-dsym";
				ENABLE_NS_ASSERTIONS = NO;
				ENABLE_STRICT_OBJC_MSGSEND = YES;
				GCC_C_LANGUAGE_STANDARD = gnu99;
				GCC_NO_COMMON_BLOCKS = YES;
				GCC_WARN_64_TO_32_BIT_CONVERSION = YES;
				GCC_WARN_ABOUT_RETURN_TYPE = YES_ERROR;
				GCC_WARN_UNDECLARED_SELECTOR = YES;
				GCC_WARN_UNINITIALIZED_AUTOS = YES_AGGRESSIVE;
				GCC_WARN_UNUSED_FUNCTION = YES;
				GCC_WARN_UNUSED_VARIABLE = YES;
				IPHONEOS_DEPLOYMENT_TARGET = 10.2;
				MTL_ENABLE_DEBUG_INFO = NO;
				SDKROOT = iphoneos;
				SWIFT_OPTIMIZATION_LEVEL = "-Owholemodule";
				TARGETED_DEVICE_FAMILY = "1,2";
				VALIDATE_PRODUCT = YES;
			};
			name = Release;
		};
		7EF7728D1E66CAF7000DB8B2 /* Debug */ = {
			isa = XCBuildConfiguration;
			buildSettings = {
				ASSETCATALOG_COMPILER_APPICON_NAME = AppIcon;
				DEVELOPMENT_TEAM = 5X5GB3C292;
				INFOPLIST_FILE = TicTacToe/Info.plist;
				IPHONEOS_DEPLOYMENT_TARGET = 10.2;
				LD_RUNPATH_SEARCH_PATHS = "$(inherited) @executable_path/Frameworks";
				PRODUCT_BUNDLE_IDENTIFIER = aslebedev.TicTacToe;
				PRODUCT_NAME = "$(TARGET_NAME)";
				SWIFT_VERSION = 3.0;
			};
			name = Debug;
		};
		7EF7728E1E66CAF7000DB8B2 /* Release */ = {
			isa = XCBuildConfiguration;
			buildSettings = {
				ASSETCATALOG_COMPILER_APPICON_NAME = AppIcon;
				DEVELOPMENT_TEAM = 5X5GB3C292;
				INFOPLIST_FILE = TicTacToe/Info.plist;
				IPHONEOS_DEPLOYMENT_TARGET = 10.2;
				LD_RUNPATH_SEARCH_PATHS = "$(inherited) @executable_path/Frameworks";
				PRODUCT_BUNDLE_IDENTIFIER = aslebedev.TicTacToe;
				PRODUCT_NAME = "$(TARGET_NAME)";
				SWIFT_VERSION = 3.0;
			};
			name = Release;
		};
/* End XCBuildConfiguration section */

/* Begin XCConfigurationList section */
		7EF772751E66CAF7000DB8B2 /* Build configuration list for PBXProject "TicTacToe" */ = {
			isa = XCConfigurationList;
			buildConfigurations = (
				7EF7728A1E66CAF7000DB8B2 /* Debug */,
				7EF7728B1E66CAF7000DB8B2 /* Release */,
			);
			defaultConfigurationIsVisible = 0;
			defaultConfigurationName = Release;
		};
		7EF7728C1E66CAF7000DB8B2 /* Build configuration list for PBXNativeTarget "TicTacToe" */ = {
			isa = XCConfigurationList;
			buildConfigurations = (
				7EF7728D1E66CAF7000DB8B2 /* Debug */,
				7EF7728E1E66CAF7000DB8B2 /* Release */,
			);
			defaultConfigurationIsVisible = 0;
		};
/* End XCConfigurationList section */
	};
	rootObject = 7EF772721E66CAF6000DB8B2 /* Project object */;
}
