// !$*UTF8*$!
{
	archiveVersion = 1;
	classes = {
	};
	objectVersion = 46;
	objects = {

/* Begin PBXBuildFile section */
		3FE648031EA7BA7F00602A36 /* AppDelegate.swift in Sources */ = {isa = PBXBuildFile; fileRef = 3FE648021EA7BA7F00602A36 /* AppDelegate.swift */; };
		3FE648051EA7BA7F00602A36 /* ViewController.swift in Sources */ = {isa = PBXBuildFile; fileRef = 3FE648041EA7BA7F00602A36 /* ViewController.swift */; };
		3FE648081EA7BA7F00602A36 /* Main.storyboard in Resources */ = {isa = PBXBuildFile; fileRef = 3FE648061EA7BA7F00602A36 /* Main.storyboard */; };
		3FE6480A1EA7BA7F00602A36 /* Assets.xcassets in Resources */ = {isa = PBXBuildFile; fileRef = 3FE648091EA7BA7F00602A36 /* Assets.xcassets */; };
		3FE6480D1EA7BA7F00602A36 /* LaunchScreen.storyboard in Resources */ = {isa = PBXBuildFile; fileRef = 3FE6480B1EA7BA7F00602A36 /* LaunchScreen.storyboard */; };
		3FE648151EA7C70C00602A36 /* TripCollectionViewCell.swift in Sources */ = {isa = PBXBuildFile; fileRef = 3FE648141EA7C70C00602A36 /* TripCollectionViewCell.swift */; };
		3FE648181EA7CCED00602A36 /* Trip.swift in Sources */ = {isa = PBXBuildFile; fileRef = 3FE648171EA7CCED00602A36 /* Trip.swift */; };
/* End PBXBuildFile section */

/* Begin PBXFileReference section */
		3FE647FF1EA7BA7F00602A36 /* TripCard.app */ = {isa = PBXFileReference; explicitFileType = wrapper.application; includeInIndex = 0; path = TripCard.app; sourceTree = BUILT_PRODUCTS_DIR; };
		3FE648021EA7BA7F00602A36 /* AppDelegate.swift */ = {isa = PBXFileReference; lastKnownFileType = sourcecode.swift; path = AppDelegate.swift; sourceTree = "<group>"; };
		3FE648041EA7BA7F00602A36 /* ViewController.swift */ = {isa = PBXFileReference; lastKnownFileType = sourcecode.swift; path = ViewController.swift; sourceTree = "<group>"; };
		3FE648071EA7BA7F00602A36 /* Base */ = {isa = PBXFileReference; lastKnownFileType = file.storyboard; name = Base; path = Base.lproj/Main.storyboard; sourceTree = "<group>"; };
		3FE648091EA7BA7F00602A36 /* Assets.xcassets */ = {isa = PBXFileReference; lastKnownFileType = folder.assetcatalog; path = Assets.xcassets; sourceTree = "<group>"; };
		3FE6480C1EA7BA7F00602A36 /* Base */ = {isa = PBXFileReference; lastKnownFileType = file.storyboard; name = Base; path = Base.lproj/LaunchScreen.storyboard; sourceTree = "<group>"; };
		3FE6480E1EA7BA7F00602A36 /* Info.plist */ = {isa = PBXFileReference; lastKnownFileType = text.plist.xml; path = Info.plist; sourceTree = "<group>"; };
		3FE648141EA7C70C00602A36 /* TripCollectionViewCell.swift */ = {isa = PBXFileReference; fileEncoding = 4; lastKnownFileType = sourcecode.swift; path = TripCollectionViewCell.swift; sourceTree = "<group>"; };
		3FE648171EA7CCED00602A36 /* Trip.swift */ = {isa = PBXFileReference; fileEncoding = 4; lastKnownFileType = sourcecode.swift; path = Trip.swift; sourceTree = "<group>"; };
/* End PBXFileReference section */

/* Begin PBXFrameworksBuildPhase section */
		3FE647FC1EA7BA7E00602A36 /* Frameworks */ = {
			isa = PBXFrameworksBuildPhase;
			buildActionMask = 2147483647;
			files = (
			);
			runOnlyForDeploymentPostprocessing = 0;
		};
/* End PBXFrameworksBuildPhase section */

/* Begin PBXGroup section */
		3FE647F61EA7BA7E00602A36 = {
			isa = PBXGroup;
			children = (
				3FE648011EA7BA7F00602A36 /* TripCard */,
				3FE648001EA7BA7F00602A36 /* Products */,
			);
			sourceTree = "<group>";
		};
		3FE648001EA7BA7F00602A36 /* Products */ = {
			isa = PBXGroup;
			children = (
				3FE647FF1EA7BA7F00602A36 /* TripCard.app */,
			);
			name = Products;
			sourceTree = "<group>";
		};
		3FE648011EA7BA7F00602A36 /* TripCard */ = {
			isa = PBXGroup;
			children = (
				3FE648021EA7BA7F00602A36 /* AppDelegate.swift */,
				3FE648041EA7BA7F00602A36 /* ViewController.swift */,
				3FE648141EA7C70C00602A36 /* TripCollectionViewCell.swift */,
				3FE648171EA7CCED00602A36 /* Trip.swift */,
				3FE648061EA7BA7F00602A36 /* Main.storyboard */,
				3FE648161EA7C72C00602A36 /* Supporting Files */,
			);
			path = TripCard;
			sourceTree = "<group>";
		};
		3FE648161EA7C72C00602A36 /* Supporting Files */ = {
			isa = PBXGroup;
			children = (
				3FE648091EA7BA7F00602A36 /* Assets.xcassets */,
				3FE6480B1EA7BA7F00602A36 /* LaunchScreen.storyboard */,
				3FE6480E1EA7BA7F00602A36 /* Info.plist */,
			);
			name = "Supporting Files";
			sourceTree = "<group>";
		};
/* End PBXGroup section */

/* Begin PBXNativeTarget section */
		3FE647FE1EA7BA7E00602A36 /* TripCard */ = {
			isa = PBXNativeTarget;
			buildConfigurationList = 3FE648111EA7BA7F00602A36 /* Build configuration list for PBXNativeTarget "TripCard" */;
			buildPhases = (
				3FE647FB1EA7BA7E00602A36 /* Sources */,
				3FE647FC1EA7BA7E00602A36 /* Frameworks */,
				3FE647FD1EA7BA7E00602A36 /* Resources */,
			);
			buildRules = (
			);
			dependencies = (
			);
			name = TripCard;
			productName = TripCard;
			productReference = 3FE647FF1EA7BA7F00602A36 /* TripCard.app */;
			productType = "com.apple.product-type.application";
		};
/* End PBXNativeTarget section */

/* Begin PBXProject section */
		3FE647F71EA7BA7E00602A36 /* Project object */ = {
			isa = PBXProject;
			attributes = {
				LastSwiftUpdateCheck = 0830;
				LastUpgradeCheck = 0830;
				ORGANIZATIONNAME = HSE;
				TargetAttributes = {
					3FE647FE1EA7BA7E00602A36 = {
						CreatedOnToolsVersion = 8.3.1;
						DevelopmentTeam = 5X5GB3C292;
						ProvisioningStyle = Automatic;
					};
				};
			};
			buildConfigurationList = 3FE647FA1EA7BA7E00602A36 /* Build configuration list for PBXProject "TripCard" */;
			compatibilityVersion = "Xcode 3.2";
			developmentRegion = English;
			hasScannedForEncodings = 0;
			knownRegions = (
				en,
				Base,
			);
			mainGroup = 3FE647F61EA7BA7E00602A36;
			productRefGroup = 3FE648001EA7BA7F00602A36 /* Products */;
			projectDirPath = "";
			projectRoot = "";
			targets = (
				3FE647FE1EA7BA7E00602A36 /* TripCard */,
			);
		};
/* End PBXProject section */

/* Begin PBXResourcesBuildPhase section */
		3FE647FD1EA7BA7E00602A36 /* Resources */ = {
			isa = PBXResourcesBuildPhase;
			buildActionMask = 2147483647;
			files = (
				3FE6480D1EA7BA7F00602A36 /* LaunchScreen.storyboard in Resources */,
				3FE6480A1EA7BA7F00602A36 /* Assets.xcassets in Resources */,
				3FE648081EA7BA7F00602A36 /* Main.storyboard in Resources */,
			);
			runOnlyForDeploymentPostprocessing = 0;
		};
/* End PBXResourcesBuildPhase section */

/* Begin PBXSourcesBuildPhase section */
		3FE647FB1EA7BA7E00602A36 /* Sources */ = {
			isa = PBXSourcesBuildPhase;
			buildActionMask = 2147483647;
			files = (
				3FE648181EA7CCED00602A36 /* Trip.swift in Sources */,
				3FE648051EA7BA7F00602A36 /* ViewController.swift in Sources */,
				3FE648031EA7BA7F00602A36 /* AppDelegate.swift in Sources */,
				3FE648151EA7C70C00602A36 /* TripCollectionViewCell.swift in Sources */,
			);
			runOnlyForDeploymentPostprocessing = 0;
		};
/* End PBXSourcesBuildPhase section */

/* Begin PBXVariantGroup section */
		3FE648061EA7BA7F00602A36 /* Main.storyboard */ = {
			isa = PBXVariantGroup;
			children = (
				3FE648071EA7BA7F00602A36 /* Base */,
			);
			name = Main.storyboard;
			sourceTree = "<group>";
		};
		3FE6480B1EA7BA7F00602A36 /* LaunchScreen.storyboard */ = {
			isa = PBXVariantGroup;
			children = (
				3FE6480C1EA7BA7F00602A36 /* Base */,
			);
			name = LaunchScreen.storyboard;
			sourceTree = "<group>";
		};
/* End PBXVariantGroup section */

/* Begin XCBuildConfiguration section */
		3FE6480F1EA7BA7F00602A36 /* Debug */ = {
			isa = XCBuildConfiguration;
			buildSettings = {
				ALWAYS_SEARCH_USER_PATHS = NO;
				CLANG_ANALYZER_NONNULL = YES;
				CLANG_ANALYZER_NUMBER_OBJECT_CONVERSION = YES_AGGRESSIVE;
				CLANG_CXX_LANGUAGE_STANDARD = "gnu++0x";
				CLANG_CXX_LIBRARY = "libc++";
				CLANG_ENABLE_MODULES = YES;
				CLANG_ENABLE_OBJC_ARC = YES;
				CLANG_WARN_BOOL_CONVERSION = YES;
				CLANG_WARN_CONSTANT_CONVERSION = YES;
				CLANG_WARN_DIRECT_OBJC_ISA_USAGE = YES_ERROR;
				CLANG_WARN_DOCUMENTATION_COMMENTS = YES;
				CLANG_WARN_EMPTY_BODY = YES;
				CLANG_WARN_ENUM_CONVERSION = YES;
				CLANG_WARN_INFINITE_RECURSION = YES;
				CLANG_WARN_INT_CONVERSION = YES;
				CLANG_WARN_OBJC_ROOT_CLASS = YES_ERROR;
				CLANG_WARN_SUSPICIOUS_MOVE = YES;
				CLANG_WARN_UNREACHABLE_CODE = YES;
				CLANG_WARN__DUPLICATE_METHOD_MATCH = YES;
				"CODE_SIGN_IDENTITY[sdk=iphoneos*]" = "iPhone Developer";
				COPY_PHASE_STRIP = NO;
				DEBUG_INFORMATION_FORMAT = dwarf;
				ENABLE_STRICT_OBJC_MSGSEND = YES;
				ENABLE_TESTABILITY = YES;
				GCC_C_LANGUAGE_STANDARD = gnu99;
				GCC_DYNAMIC_NO_PIC = NO;
				GCC_NO_COMMON_BLOCKS = YES;
				GCC_OPTIMIZATION_LEVEL = 0;
				GCC_PREPROCESSOR_DEFINITIONS = (
					"DEBUG=1",
					"$(inherited)",
				);
				GCC_WARN_64_TO_32_BIT_CONVERSION = YES;
				GCC_WARN_ABOUT_RETURN_TYPE = YES_ERROR;
				GCC_WARN_UNDECLARED_SELECTOR = YES;
				GCC_WARN_UNINITIALIZED_AUTOS = YES_AGGRESSIVE;
				GCC_WARN_UNUSED_FUNCTION = YES;
				GCC_WARN_UNUSED_VARIABLE = YES;
				IPHONEOS_DEPLOYMENT_TARGET = 10.3;
				MTL_ENABLE_DEBUG_INFO = YES;
				ONLY_ACTIVE_ARCH = YES;
				SDKROOT = iphoneos;
				SWIFT_ACTIVE_COMPILATION_CONDITIONS = DEBUG;
				SWIFT_OPTIMIZATION_LEVEL = "-Onone";
			};
			name = Debug;
		};
		3FE648101EA7BA7F00602A36 /* Release */ = {
			isa = XCBuildConfiguration;
			buildSettings = {
				ALWAYS_SEARCH_USER_PATHS = NO;
				CLANG_ANALYZER_NONNULL = YES;
				CLANG_ANALYZER_NUMBER_OBJECT_CONVERSION = YES_AGGRESSIVE;
				CLANG_CXX_LANGUAGE_STANDARD = "gnu++0x";
				CLANG_CXX_LIBRARY = "libc++";
				CLANG_ENABLE_MODULES = YES;
				CLANG_ENABLE_OBJC_ARC = YES;
				CLANG_WARN_BOOL_CONVERSION = YES;
				CLANG_WARN_CONSTANT_CONVERSION = YES;
				CLANG_WARN_DIRECT_OBJC_ISA_USAGE = YES_ERROR;
				CLANG_WARN_DOCUMENTATION_COMMENTS = YES;
				CLANG_WARN_EMPTY_BODY = YES;
				CLANG_WARN_ENUM_CONVERSION = YES;
				CLANG_WARN_INFINITE_RECURSION = YES;
				CLANG_WARN_INT_CONVERSION = YES;
				CLANG_WARN_OBJC_ROOT_CLASS = YES_ERROR;
				CLANG_WARN_SUSPICIOUS_MOVE = YES;
				CLANG_WARN_UNREACHABLE_CODE = YES;
				CLANG_WARN__DUPLICATE_METHOD_MATCH = YES;
				"CODE_SIGN_IDENTITY[sdk=iphoneos*]" = "iPhone Developer";
				COPY_PHASE_STRIP = NO;
				DEBUG_INFORMATION_FORMAT = "dwarf-with-dsym";
				ENABLE_NS_ASSERTIONS = NO;
				ENABLE_STRICT_OBJC_MSGSEND = YES;
				GCC_C_LANGUAGE_STANDARD = gnu99;
				GCC_NO_COMMON_BLOCKS = YES;
				GCC_WARN_64_TO_32_BIT_CONVERSION = YES;
				GCC_WARN_ABOUT_RETURN_TYPE = YES_ERROR;
				GCC_WARN_UNDECLARED_SELECTOR = YES;
				GCC_WARN_UNINITIALIZED_AUTOS = YES_AGGRESSIVE;
				GCC_WARN_UNUSED_FUNCTION = YES;
				GCC_WARN_UNUSED_VARIABLE = YES;
				IPHONEOS_DEPLOYMENT_TARGET = 10.3;
				MTL_ENABLE_DEBUG_INFO = NO;
				SDKROOT = iphoneos;
				SWIFT_OPTIMIZATION_LEVEL = "-Owholemodule";
				VALIDATE_PRODUCT = YES;
			};
			name = Release;
		};
		3FE648121EA7BA7F00602A36 /* Debug */ = {
			isa = XCBuildConfiguration;
			buildSettings = {
				ASSETCATALOG_COMPILER_APPICON_NAME = AppIcon;
				DEVELOPMENT_TEAM = 5X5GB3C292;
				INFOPLIST_FILE = TripCard/Info.plist;
				LD_RUNPATH_SEARCH_PATHS = "$(inherited) @executable_path/Frameworks";
				PRODUCT_BUNDLE_IDENTIFIER = com.HSE.TripCard;
				PRODUCT_NAME = "$(TARGET_NAME)";
				SWIFT_VERSION = 3.0;
			};
			name = Debug;
		};
		3FE648131EA7BA7F00602A36 /* Release */ = {
			isa = XCBuildConfiguration;
			buildSettings = {
				ASSETCATALOG_COMPILER_APPICON_NAME = AppIcon;
				DEVELOPMENT_TEAM = 5X5GB3C292;
				INFOPLIST_FILE = TripCard/Info.plist;
				LD_RUNPATH_SEARCH_PATHS = "$(inherited) @executable_path/Frameworks";
				PRODUCT_BUNDLE_IDENTIFIER = com.HSE.TripCard;
				PRODUCT_NAME = "$(TARGET_NAME)";
				SWIFT_VERSION = 3.0;
			};
			name = Release;
		};
/* End XCBuildConfiguration section */

/* Begin XCConfigurationList section */
		3FE647FA1EA7BA7E00602A36 /* Build configuration list for PBXProject "TripCard" */ = {
			isa = XCConfigurationList;
			buildConfigurations = (
				3FE6480F1EA7BA7F00602A36 /* Debug */,
				3FE648101EA7BA7F00602A36 /* Release */,
			);
			defaultConfigurationIsVisible = 0;
			defaultConfigurationName = Release;
		};
		3FE648111EA7BA7F00602A36 /* Build configuration list for PBXNativeTarget "TripCard" */ = {
			isa = XCConfigurationList;
			buildConfigurations = (
				3FE648121EA7BA7F00602A36 /* Debug */,
				3FE648131EA7BA7F00602A36 /* Release */,
			);
			defaultConfigurationIsVisible = 0;
		};
/* End XCConfigurationList section */
	};
	rootObject = 3FE647F71EA7BA7E00602A36 /* Project object */;
}
